
Microsoft Visual Studio Solution File, Format Version 12.00
# Visual Studio Version 17
VisualStudioVersion = 17.7.34221.43
MinimumVisualStudioVersion = 10.0.40219.1
Project("{FAE04EC0-301F-11D3-BF4B-00C04F79EFBC}") = "SportsiTim", "SportsiTim\SportsiTim.csproj", "{7BC273D3-8535-4F0C-BBDB-5FAF9C580691}"
EndProject
Global
	GlobalSection(SolutionConfigurationPlatforms) = preSolution
		Debug|Any CPU = Debug|Any CPU
		Release|Any CPU = Release|Any CPU
	EndGlobalSection
	GlobalSection(ProjectConfigurationPlatforms) = postSolution
		{7BC273D3-8535-4F0C-BBDB-5FAF9C580691}.Debug|Any CPU.ActiveCfg = Debug|Any CPU
		{7BC273D3-8535-4F0C-BBDB-5FAF9C580691}.Debug|Any CPU.Build.0 = Debug|Any CPU
		{7BC273D3-8535-4F0C-BBDB-5FAF9C580691}.Release|Any CPU.ActiveCfg = Release|Any CPU
		{7BC273D3-8535-4F0C-BBDB-5FAF9C580691}.Release|Any CPU.Build.0 = Release|Any CPU
	EndGlobalSection
	GlobalSection(SolutionProperties) = preSolution
		HideSolutionNode = FALSE
	EndGlobalSection
	GlobalSection(ExtensibilityGlobals) = postSolution
		SolutionGuid = {91864C2D-84E2-4D54-95BE-67516DC9BC2C}
	EndGlobalSection
EndGlobal
